// !$*UTF8*$!
{
	archiveVersion = 1;
	classes = {
	};
	objectVersion = 56;
	objects = {

/* Begin PBXBuildFile section */
		3C7C30322C6EE6FB68A5805A /* MapView.swift in Sources */ = {isa = PBXBuildFile; fileRef = 3C7C3082738478498936C77B /* MapView.swift */; };
		3C7C3105A01D8B7C765359FF /* SpeechRecognizer.swift in Sources */ = {isa = PBXBuildFile; fileRef = 3C7C3882F3C69535ABC822E1 /* SpeechRecognizer.swift */; };
		3C7C318161C3AC87DC83C1A1 /* VoiceNote.swift in Sources */ = {isa = PBXBuildFile; fileRef = 3C7C3DD6B2BBBF0A61D1C459 /* VoiceNote.swift */; };
		3C7C327B9F8ECD50DC2CE48A /* ContentView.swift in Sources */ = {isa = PBXBuildFile; fileRef = 3C7C31CF81F922C045E22893 /* ContentView.swift */; };
		3C7C371260B8F9E2A2E60D17 /* RecognizeError.swift in Sources */ = {isa = PBXBuildFile; fileRef = 3C7C3899829BFEB454528C09 /* RecognizeError.swift */; };
		3C7C3B3E1C1ED385C6C55B40 /* VoiceNoteViewModel.swift in Sources */ = {isa = PBXBuildFile; fileRef = 3C7C3D52C121F7994D928778 /* VoiceNoteViewModel.swift */; };
		3C7C3C469263D9687B619AEE /* NoteLocation.swift in Sources */ = {isa = PBXBuildFile; fileRef = 3C7C3B561658D5A26DEFA657 /* NoteLocation.swift */; };
		6A0ADCB429D73CB700FC9621 /* AudioRecordingView.swift in Sources */ = {isa = PBXBuildFile; fileRef = 6A0ADCB329D73CB700FC9621 /* AudioRecordingView.swift */; };
		6A6196E129CAFA1B008A9405 /* Voice_NoteApp.swift in Sources */ = {isa = PBXBuildFile; fileRef = 6A6196E029CAFA1B008A9405 /* Voice_NoteApp.swift */; };
		6A6196E529CAFA1D008A9405 /* Assets.xcassets in Resources */ = {isa = PBXBuildFile; fileRef = 6A6196E429CAFA1D008A9405 /* Assets.xcassets */; };
		6A6196E829CAFA1D008A9405 /* Preview Assets.xcassets in Resources */ = {isa = PBXBuildFile; fileRef = 6A6196E729CAFA1D008A9405 /* Preview Assets.xcassets */; };
		6A6196F229CAFA1D008A9405 /* Voice_NoteTests.swift in Sources */ = {isa = PBXBuildFile; fileRef = 6A6196F129CAFA1D008A9405 /* Voice_NoteTests.swift */; };
		6A6196FC29CAFA1D008A9405 /* Voice_NoteUITests.swift in Sources */ = {isa = PBXBuildFile; fileRef = 6A6196FB29CAFA1D008A9405 /* Voice_NoteUITests.swift */; };
		6A6196FE29CAFA1D008A9405 /* Voice_NoteUITestsLaunchTests.swift in Sources */ = {isa = PBXBuildFile; fileRef = 6A6196FD29CAFA1D008A9405 /* Voice_NoteUITestsLaunchTests.swift */; };
/* End PBXBuildFile section */

/* Begin PBXContainerItemProxy section */
		6A6196EE29CAFA1D008A9405 /* PBXContainerItemProxy */ = {
			isa = PBXContainerItemProxy;
			containerPortal = 6A6196D529CAFA1B008A9405 /* Project object */;
			proxyType = 1;
			remoteGlobalIDString = 6A6196DC29CAFA1B008A9405;
			remoteInfo = "Voice Note";
		};
		6A6196F829CAFA1D008A9405 /* PBXContainerItemProxy */ = {
			isa = PBXContainerItemProxy;
			containerPortal = 6A6196D529CAFA1B008A9405 /* Project object */;
			proxyType = 1;
			remoteGlobalIDString = 6A6196DC29CAFA1B008A9405;
			remoteInfo = "Voice Note";
		};
/* End PBXContainerItemProxy section */

/* Begin PBXFileReference section */
		3C7C3082738478498936C77B /* MapView.swift */ = {isa = PBXFileReference; fileEncoding = 4; lastKnownFileType = sourcecode.swift; path = MapView.swift; sourceTree = "<group>"; };
		3C7C31CF81F922C045E22893 /* ContentView.swift */ = {isa = PBXFileReference; fileEncoding = 4; lastKnownFileType = sourcecode.swift; path = ContentView.swift; sourceTree = "<group>"; };
		3C7C3882F3C69535ABC822E1 /* SpeechRecognizer.swift */ = {isa = PBXFileReference; fileEncoding = 4; lastKnownFileType = sourcecode.swift; path = SpeechRecognizer.swift; sourceTree = "<group>"; };
		3C7C3899829BFEB454528C09 /* RecognizeError.swift */ = {isa = PBXFileReference; fileEncoding = 4; lastKnownFileType = sourcecode.swift; path = RecognizeError.swift; sourceTree = "<group>"; };
		3C7C3B561658D5A26DEFA657 /* NoteLocation.swift */ = {isa = PBXFileReference; fileEncoding = 4; lastKnownFileType = sourcecode.swift; path = NoteLocation.swift; sourceTree = "<group>"; };
		3C7C3D52C121F7994D928778 /* VoiceNoteViewModel.swift */ = {isa = PBXFileReference; fileEncoding = 4; lastKnownFileType = sourcecode.swift; path = VoiceNoteViewModel.swift; sourceTree = "<group>"; };
		3C7C3DD6B2BBBF0A61D1C459 /* VoiceNote.swift */ = {isa = PBXFileReference; fileEncoding = 4; lastKnownFileType = sourcecode.swift; path = VoiceNote.swift; sourceTree = "<group>"; };
		6A0ADCB329D73CB700FC9621 /* AudioRecordingView.swift */ = {isa = PBXFileReference; lastKnownFileType = sourcecode.swift; path = AudioRecordingView.swift; sourceTree = "<group>"; };
		6A6196DD29CAFA1B008A9405 /* Voice Note.app */ = {isa = PBXFileReference; explicitFileType = wrapper.application; includeInIndex = 0; path = "Voice Note.app"; sourceTree = BUILT_PRODUCTS_DIR; };
		6A6196E029CAFA1B008A9405 /* Voice_NoteApp.swift */ = {isa = PBXFileReference; lastKnownFileType = sourcecode.swift; path = Voice_NoteApp.swift; sourceTree = "<group>"; };
		6A6196E229CAFA1B008A9405 /* ContentView.swift */ = {isa = PBXFileReference; lastKnownFileType = sourcecode.swift; path = ContentView.swift; sourceTree = "<group>"; };
		6A6196E429CAFA1D008A9405 /* Assets.xcassets */ = {isa = PBXFileReference; lastKnownFileType = folder.assetcatalog; path = Assets.xcassets; sourceTree = "<group>"; };
		6A6196E729CAFA1D008A9405 /* Preview Assets.xcassets */ = {isa = PBXFileReference; lastKnownFileType = folder.assetcatalog; path = "Preview Assets.xcassets"; sourceTree = "<group>"; };
		6A6196ED29CAFA1D008A9405 /* Voice NoteTests.xctest */ = {isa = PBXFileReference; explicitFileType = wrapper.cfbundle; includeInIndex = 0; path = "Voice NoteTests.xctest"; sourceTree = BUILT_PRODUCTS_DIR; };
		6A6196F129CAFA1D008A9405 /* Voice_NoteTests.swift */ = {isa = PBXFileReference; lastKnownFileType = sourcecode.swift; path = Voice_NoteTests.swift; sourceTree = "<group>"; };
		6A6196F729CAFA1D008A9405 /* Voice NoteUITests.xctest */ = {isa = PBXFileReference; explicitFileType = wrapper.cfbundle; includeInIndex = 0; path = "Voice NoteUITests.xctest"; sourceTree = BUILT_PRODUCTS_DIR; };
		6A6196FB29CAFA1D008A9405 /* Voice_NoteUITests.swift */ = {isa = PBXFileReference; lastKnownFileType = sourcecode.swift; path = Voice_NoteUITests.swift; sourceTree = "<group>"; };
		6A6196FD29CAFA1D008A9405 /* Voice_NoteUITestsLaunchTests.swift */ = {isa = PBXFileReference; lastKnownFileType = sourcecode.swift; path = Voice_NoteUITestsLaunchTests.swift; sourceTree = "<group>"; };
/* End PBXFileReference section */

/* Begin PBXFrameworksBuildPhase section */
		6A6196DA29CAFA1B008A9405 /* Frameworks */ = {
			isa = PBXFrameworksBuildPhase;
			buildActionMask = 2147483647;
			files = (
			);
			runOnlyForDeploymentPostprocessing = 0;
		};
		6A6196EA29CAFA1D008A9405 /* Frameworks */ = {
			isa = PBXFrameworksBuildPhase;
			buildActionMask = 2147483647;
			files = (
			);
			runOnlyForDeploymentPostprocessing = 0;
		};
		6A6196F429CAFA1D008A9405 /* Frameworks */ = {
			isa = PBXFrameworksBuildPhase;
			buildActionMask = 2147483647;
			files = (
			);
			runOnlyForDeploymentPostprocessing = 0;
		};
/* End PBXFrameworksBuildPhase section */

/* Begin PBXGroup section */
		3C7C30AEF702B5E2DBBC2B2F /* Models */ = {
			isa = PBXGroup;
			children = (
				3C7C3DD6B2BBBF0A61D1C459 /* VoiceNote.swift */,
				3C7C3B561658D5A26DEFA657 /* NoteLocation.swift */,
			);
			path = Models;
			sourceTree = "<group>";
		};
		3C7C3DA9AB493D205B440F64 /* View Models */ = {
			isa = PBXGroup;
			children = (
				3C7C3D52C121F7994D928778 /* VoiceNoteViewModel.swift */,
				3C7C3882F3C69535ABC822E1 /* SpeechRecognizer.swift */,
			);
			path = "View Models";
			sourceTree = "<group>";
		};
		6A0ADCB029D73BC500FC9621 /* Views */ = {
			isa = PBXGroup;
			children = (
				3C7C31CF81F922C045E22893 /* ContentView.swift */,
				3C7C3082738478498936C77B /* MapView.swift */,
				6A0ADCB329D73CB700FC9621 /* AudioRecordingView.swift */,
			);
			path = Views;
			sourceTree = "<group>";
		};
		6A0ADCB529D73CDF00FC9621 /* utils */ = {
			isa = PBXGroup;
			children = (
				3C7C3899829BFEB454528C09 /* RecognizeError.swift */,
			);
			path = utils;
			sourceTree = "<group>";
		};
		6A6196D429CAFA1B008A9405 = {
			isa = PBXGroup;
			children = (
				6A6196DF29CAFA1B008A9405 /* Voice Note */,
				6A6196F029CAFA1D008A9405 /* Voice NoteTests */,
				6A6196FA29CAFA1D008A9405 /* Voice NoteUITests */,
				6A6196DE29CAFA1B008A9405 /* Products */,
			);
			sourceTree = "<group>";
		};
		6A6196DE29CAFA1B008A9405 /* Products */ = {
			isa = PBXGroup;
			children = (
				6A6196DD29CAFA1B008A9405 /* Voice Note.app */,
				6A6196ED29CAFA1D008A9405 /* Voice NoteTests.xctest */,
				6A6196F729CAFA1D008A9405 /* Voice NoteUITests.xctest */,
			);
			name = Products;
			sourceTree = "<group>";
		};
		6A6196DF29CAFA1B008A9405 /* Voice Note */ = {
			isa = PBXGroup;
			children = (
				6A0ADCB529D73CDF00FC9621 /* utils */,
				6A0ADCB029D73BC500FC9621 /* Views */,
				6A6196E029CAFA1B008A9405 /* Voice_NoteApp.swift */,
				6A6196E429CAFA1D008A9405 /* Assets.xcassets */,
				6A6196E629CAFA1D008A9405 /* Preview Content */,
				3C7C30AEF702B5E2DBBC2B2F /* Models */,
				3C7C3DA9AB493D205B440F64 /* View Models */,
			);
			path = "Voice Note";
			sourceTree = "<group>";
		};
		6A6196E629CAFA1D008A9405 /* Preview Content */ = {
			isa = PBXGroup;
			children = (
				6A6196E729CAFA1D008A9405 /* Preview Assets.xcassets */,
			);
			path = "Preview Content";
			sourceTree = "<group>";
		};
		6A6196F029CAFA1D008A9405 /* Voice NoteTests */ = {
			isa = PBXGroup;
			children = (
				6A6196F129CAFA1D008A9405 /* Voice_NoteTests.swift */,
			);
			path = "Voice NoteTests";
			sourceTree = "<group>";
		};
		6A6196FA29CAFA1D008A9405 /* Voice NoteUITests */ = {
			isa = PBXGroup;
			children = (
				6A6196FB29CAFA1D008A9405 /* Voice_NoteUITests.swift */,
				6A6196FD29CAFA1D008A9405 /* Voice_NoteUITestsLaunchTests.swift */,
			);
			path = "Voice NoteUITests";
			sourceTree = "<group>";
		};
/* End PBXGroup section */

/* Begin PBXNativeTarget section */
		6A6196DC29CAFA1B008A9405 /* Voice Note */ = {
			isa = PBXNativeTarget;
			buildConfigurationList = 6A61970129CAFA1D008A9405 /* Build configuration list for PBXNativeTarget "Voice Note" */;
			buildPhases = (
				6A6196D929CAFA1B008A9405 /* Sources */,
				6A6196DA29CAFA1B008A9405 /* Frameworks */,
				6A6196DB29CAFA1B008A9405 /* Resources */,
			);
			buildRules = (
			);
			dependencies = (
			);
			name = "Voice Note";
			productName = "Voice Note";
			productReference = 6A6196DD29CAFA1B008A9405 /* Voice Note.app */;
			productType = "com.apple.product-type.application";
		};
		6A6196EC29CAFA1D008A9405 /* Voice NoteTests */ = {
			isa = PBXNativeTarget;
			buildConfigurationList = 6A61970429CAFA1D008A9405 /* Build configuration list for PBXNativeTarget "Voice NoteTests" */;
			buildPhases = (
				6A6196E929CAFA1D008A9405 /* Sources */,
				6A6196EA29CAFA1D008A9405 /* Frameworks */,
				6A6196EB29CAFA1D008A9405 /* Resources */,
			);
			buildRules = (
			);
			dependencies = (
				6A6196EF29CAFA1D008A9405 /* PBXTargetDependency */,
			);
			name = "Voice NoteTests";
			productName = "Voice NoteTests";
			productReference = 6A6196ED29CAFA1D008A9405 /* Voice NoteTests.xctest */;
			productType = "com.apple.product-type.bundle.unit-test";
		};
		6A6196F629CAFA1D008A9405 /* Voice NoteUITests */ = {
			isa = PBXNativeTarget;
			buildConfigurationList = 6A61970729CAFA1D008A9405 /* Build configuration list for PBXNativeTarget "Voice NoteUITests" */;
			buildPhases = (
				6A6196F329CAFA1D008A9405 /* Sources */,
				6A6196F429CAFA1D008A9405 /* Frameworks */,
				6A6196F529CAFA1D008A9405 /* Resources */,
			);
			buildRules = (
			);
			dependencies = (
				6A6196F929CAFA1D008A9405 /* PBXTargetDependency */,
			);
			name = "Voice NoteUITests";
			productName = "Voice NoteUITests";
			productReference = 6A6196F729CAFA1D008A9405 /* Voice NoteUITests.xctest */;
			productType = "com.apple.product-type.bundle.ui-testing";
		};
/* End PBXNativeTarget section */

/* Begin PBXProject section */
		6A6196D529CAFA1B008A9405 /* Project object */ = {
			isa = PBXProject;
			attributes = {
				BuildIndependentTargetsInParallel = 1;
				LastSwiftUpdateCheck = 1420;
				LastUpgradeCheck = 1420;
				TargetAttributes = {
					6A6196DC29CAFA1B008A9405 = {
						CreatedOnToolsVersion = 14.2;
					};
					6A6196EC29CAFA1D008A9405 = {
						CreatedOnToolsVersion = 14.2;
						TestTargetID = 6A6196DC29CAFA1B008A9405;
					};
					6A6196F629CAFA1D008A9405 = {
						CreatedOnToolsVersion = 14.2;
						TestTargetID = 6A6196DC29CAFA1B008A9405;
					};
				};
			};
			buildConfigurationList = 6A6196D829CAFA1B008A9405 /* Build configuration list for PBXProject "Voice Note" */;
			compatibilityVersion = "Xcode 14.0";
			developmentRegion = en;
			hasScannedForEncodings = 0;
			knownRegions = (
				en,
				Base,
			);
			mainGroup = 6A6196D429CAFA1B008A9405;
			productRefGroup = 6A6196DE29CAFA1B008A9405 /* Products */;
			projectDirPath = "";
			projectRoot = "";
			targets = (
				6A6196DC29CAFA1B008A9405 /* Voice Note */,
				6A6196EC29CAFA1D008A9405 /* Voice NoteTests */,
				6A6196F629CAFA1D008A9405 /* Voice NoteUITests */,
			);
		};
/* End PBXProject section */

/* Begin PBXResourcesBuildPhase section */
		6A6196DB29CAFA1B008A9405 /* Resources */ = {
			isa = PBXResourcesBuildPhase;
			buildActionMask = 2147483647;
			files = (
				6A6196E829CAFA1D008A9405 /* Preview Assets.xcassets in Resources */,
				6A6196E529CAFA1D008A9405 /* Assets.xcassets in Resources */,
			);
			runOnlyForDeploymentPostprocessing = 0;
		};
		6A6196EB29CAFA1D008A9405 /* Resources */ = {
			isa = PBXResourcesBuildPhase;
			buildActionMask = 2147483647;
			files = (
			);
			runOnlyForDeploymentPostprocessing = 0;
		};
		6A6196F529CAFA1D008A9405 /* Resources */ = {
			isa = PBXResourcesBuildPhase;
			buildActionMask = 2147483647;
			files = (
			);
			runOnlyForDeploymentPostprocessing = 0;
		};
/* End PBXResourcesBuildPhase section */

/* Begin PBXSourcesBuildPhase section */
		6A6196D929CAFA1B008A9405 /* Sources */ = {
			isa = PBXSourcesBuildPhase;
			buildActionMask = 2147483647;
			files = (
				6A6196E129CAFA1B008A9405 /* Voice_NoteApp.swift in Sources */,
				3C7C327B9F8ECD50DC2CE48A /* ContentView.swift in Sources */,
				3C7C318161C3AC87DC83C1A1 /* VoiceNote.swift in Sources */,
				3C7C3C469263D9687B619AEE /* NoteLocation.swift in Sources */,
				3C7C3B3E1C1ED385C6C55B40 /* VoiceNoteViewModel.swift in Sources */,
				3C7C30322C6EE6FB68A5805A /* MapView.swift in Sources */,
				6A0ADCB429D73CB700FC9621 /* AudioRecordingView.swift in Sources */,
				3C7C371260B8F9E2A2E60D17 /* RecognizeError.swift in Sources */,
				3C7C3105A01D8B7C765359FF /* SpeechRecognizer.swift in Sources */,
			);
			runOnlyForDeploymentPostprocessing = 0;
		};
		6A6196E929CAFA1D008A9405 /* Sources */ = {
			isa = PBXSourcesBuildPhase;
			buildActionMask = 2147483647;
			files = (
				6A6196F229CAFA1D008A9405 /* Voice_NoteTests.swift in Sources */,
			);
			runOnlyForDeploymentPostprocessing = 0;
		};
		6A6196F329CAFA1D008A9405 /* Sources */ = {
			isa = PBXSourcesBuildPhase;
			buildActionMask = 2147483647;
			files = (
				6A6196FC29CAFA1D008A9405 /* Voice_NoteUITests.swift in Sources */,
				6A6196FE29CAFA1D008A9405 /* Voice_NoteUITestsLaunchTests.swift in Sources */,
			);
			runOnlyForDeploymentPostprocessing = 0;
		};
/* End PBXSourcesBuildPhase section */

/* Begin PBXTargetDependency section */
		6A6196EF29CAFA1D008A9405 /* PBXTargetDependency */ = {
			isa = PBXTargetDependency;
			target = 6A6196DC29CAFA1B008A9405 /* Voice Note */;
			targetProxy = 6A6196EE29CAFA1D008A9405 /* PBXContainerItemProxy */;
		};
		6A6196F929CAFA1D008A9405 /* PBXTargetDependency */ = {
			isa = PBXTargetDependency;
			target = 6A6196DC29CAFA1B008A9405 /* Voice Note */;
			targetProxy = 6A6196F829CAFA1D008A9405 /* PBXContainerItemProxy */;
		};
/* End PBXTargetDependency section */

/* Begin XCBuildConfiguration section */
		6A6196FF29CAFA1D008A9405 /* Debug */ = {
			isa = XCBuildConfiguration;
			buildSettings = {
				ALWAYS_SEARCH_USER_PATHS = NO;
				CLANG_ANALYZER_NONNULL = YES;
				CLANG_ANALYZER_NUMBER_OBJECT_CONVERSION = YES_AGGRESSIVE;
				CLANG_CXX_LANGUAGE_STANDARD = "gnu++20";
				CLANG_ENABLE_MODULES = YES;
				CLANG_ENABLE_OBJC_ARC = YES;
				CLANG_ENABLE_OBJC_WEAK = YES;
				CLANG_WARN_BLOCK_CAPTURE_AUTORELEASING = YES;
				CLANG_WARN_BOOL_CONVERSION = YES;
				CLANG_WARN_COMMA = YES;
				CLANG_WARN_CONSTANT_CONVERSION = YES;
				CLANG_WARN_DEPRECATED_OBJC_IMPLEMENTATIONS = YES;
				CLANG_WARN_DIRECT_OBJC_ISA_USAGE = YES_ERROR;
				CLANG_WARN_DOCUMENTATION_COMMENTS = YES;
				CLANG_WARN_EMPTY_BODY = YES;
				CLANG_WARN_ENUM_CONVERSION = YES;
				CLANG_WARN_INFINITE_RECURSION = YES;
				CLANG_WARN_INT_CONVERSION = YES;
				CLANG_WARN_NON_LITERAL_NULL_CONVERSION = YES;
				CLANG_WARN_OBJC_IMPLICIT_RETAIN_SELF = YES;
				CLANG_WARN_OBJC_LITERAL_CONVERSION = YES;
				CLANG_WARN_OBJC_ROOT_CLASS = YES_ERROR;
				CLANG_WARN_QUOTED_INCLUDE_IN_FRAMEWORK_HEADER = YES;
				CLANG_WARN_RANGE_LOOP_ANALYSIS = YES;
				CLANG_WARN_STRICT_PROTOTYPES = YES;
				CLANG_WARN_SUSPICIOUS_MOVE = YES;
				CLANG_WARN_UNGUARDED_AVAILABILITY = YES_AGGRESSIVE;
				CLANG_WARN_UNREACHABLE_CODE = YES;
				CLANG_WARN__DUPLICATE_METHOD_MATCH = YES;
				COPY_PHASE_STRIP = NO;
				DEBUG_INFORMATION_FORMAT = dwarf;
				ENABLE_STRICT_OBJC_MSGSEND = YES;
				ENABLE_TESTABILITY = YES;
				GCC_C_LANGUAGE_STANDARD = gnu11;
				GCC_DYNAMIC_NO_PIC = NO;
				GCC_NO_COMMON_BLOCKS = YES;
				GCC_OPTIMIZATION_LEVEL = 0;
				GCC_PREPROCESSOR_DEFINITIONS = (
					"DEBUG=1",
					"$(inherited)",
				);
				GCC_WARN_64_TO_32_BIT_CONVERSION = YES;
				GCC_WARN_ABOUT_RETURN_TYPE = YES_ERROR;
				GCC_WARN_UNDECLARED_SELECTOR = YES;
				GCC_WARN_UNINITIALIZED_AUTOS = YES_AGGRESSIVE;
				GCC_WARN_UNUSED_FUNCTION = YES;
				GCC_WARN_UNUSED_VARIABLE = YES;
				IPHONEOS_DEPLOYMENT_TARGET = 16.2;
				MTL_ENABLE_DEBUG_INFO = INCLUDE_SOURCE;
				MTL_FAST_MATH = YES;
				ONLY_ACTIVE_ARCH = YES;
				SDKROOT = iphoneos;
				SWIFT_ACTIVE_COMPILATION_CONDITIONS = DEBUG;
				SWIFT_OPTIMIZATION_LEVEL = "-Onone";
			};
			name = Debug;
		};
		6A61970029CAFA1D008A9405 /* Release */ = {
			isa = XCBuildConfiguration;
			buildSettings = {
				ALWAYS_SEARCH_USER_PATHS = NO;
				CLANG_ANALYZER_NONNULL = YES;
				CLANG_ANALYZER_NUMBER_OBJECT_CONVERSION = YES_AGGRESSIVE;
				CLANG_CXX_LANGUAGE_STANDARD = "gnu++20";
				CLANG_ENABLE_MODULES = YES;
				CLANG_ENABLE_OBJC_ARC = YES;
				CLANG_ENABLE_OBJC_WEAK = YES;
				CLANG_WARN_BLOCK_CAPTURE_AUTORELEASING = YES;
				CLANG_WARN_BOOL_CONVERSION = YES;
				CLANG_WARN_COMMA = YES;
				CLANG_WARN_CONSTANT_CONVERSION = YES;
				CLANG_WARN_DEPRECATED_OBJC_IMPLEMENTATIONS = YES;
				CLANG_WARN_DIRECT_OBJC_ISA_USAGE = YES_ERROR;
				CLANG_WARN_DOCUMENTATION_COMMENTS = YES;
				CLANG_WARN_EMPTY_BODY = YES;
				CLANG_WARN_ENUM_CONVERSION = YES;
				CLANG_WARN_INFINITE_RECURSION = YES;
				CLANG_WARN_INT_CONVERSION = YES;
				CLANG_WARN_NON_LITERAL_NULL_CONVERSION = YES;
				CLANG_WARN_OBJC_IMPLICIT_RETAIN_SELF = YES;
				CLANG_WARN_OBJC_LITERAL_CONVERSION = YES;
				CLANG_WARN_OBJC_ROOT_CLASS = YES_ERROR;
				CLANG_WARN_QUOTED_INCLUDE_IN_FRAMEWORK_HEADER = YES;
				CLANG_WARN_RANGE_LOOP_ANALYSIS = YES;
				CLANG_WARN_STRICT_PROTOTYPES = YES;
				CLANG_WARN_SUSPICIOUS_MOVE = YES;
				CLANG_WARN_UNGUARDED_AVAILABILITY = YES_AGGRESSIVE;
				CLANG_WARN_UNREACHABLE_CODE = YES;
				CLANG_WARN__DUPLICATE_METHOD_MATCH = YES;
				COPY_PHASE_STRIP = NO;
				DEBUG_INFORMATION_FORMAT = "dwarf-with-dsym";
				ENABLE_NS_ASSERTIONS = NO;
				ENABLE_STRICT_OBJC_MSGSEND = YES;
				GCC_C_LANGUAGE_STANDARD = gnu11;
				GCC_NO_COMMON_BLOCKS = YES;
				GCC_WARN_64_TO_32_BIT_CONVERSION = YES;
				GCC_WARN_ABOUT_RETURN_TYPE = YES_ERROR;
				GCC_WARN_UNDECLARED_SELECTOR = YES;
				GCC_WARN_UNINITIALIZED_AUTOS = YES_AGGRESSIVE;
				GCC_WARN_UNUSED_FUNCTION = YES;
				GCC_WARN_UNUSED_VARIABLE = YES;
				IPHONEOS_DEPLOYMENT_TARGET = 16.2;
				MTL_ENABLE_DEBUG_INFO = NO;
				MTL_FAST_MATH = YES;
				SDKROOT = iphoneos;
				SWIFT_COMPILATION_MODE = wholemodule;
				SWIFT_OPTIMIZATION_LEVEL = "-O";
				VALIDATE_PRODUCT = YES;
			};
			name = Release;
		};
		6A61970229CAFA1D008A9405 /* Debug */ = {
			isa = XCBuildConfiguration;
			buildSettings = {
				ASSETCATALOG_COMPILER_APPICON_NAME = AppIcon;
				ASSETCATALOG_COMPILER_GLOBAL_ACCENT_COLOR_NAME = AccentColor;
				CODE_SIGN_STYLE = Automatic;
				CURRENT_PROJECT_VERSION = 1;
				DEVELOPMENT_ASSET_PATHS = "\"Voice Note/Preview Content\"";
				ENABLE_PREVIEWS = YES;
				GENERATE_INFOPLIST_FILE = YES;
				INFOPLIST_KEY_NSMicrophoneUsageDescription = "Audio is recorded to transcribe the note speech";
				INFOPLIST_KEY_NSSpeechRecognitionUsageDescription = "The app uses speech recognition to dictate notes";
				INFOPLIST_KEY_UIApplicationSceneManifest_Generation = YES;
				INFOPLIST_KEY_UIApplicationSupportsIndirectInputEvents = YES;
				INFOPLIST_KEY_UILaunchScreen_Generation = YES;
				INFOPLIST_KEY_UISupportedInterfaceOrientations_iPad = "UIInterfaceOrientationPortrait UIInterfaceOrientationPortraitUpsideDown UIInterfaceOrientationLandscapeLeft UIInterfaceOrientationLandscapeRight";
				INFOPLIST_KEY_UISupportedInterfaceOrientations_iPhone = "UIInterfaceOrientationPortrait UIInterfaceOrientationLandscapeLeft UIInterfaceOrientationLandscapeRight";
				LD_RUNPATH_SEARCH_PATHS = (
					"$(inherited)",
					"@executable_path/Frameworks",
				);
				MARKETING_VERSION = 1.0;
				PRODUCT_BUNDLE_IDENTIFIER = "com.metropolia.Voice-Note";
				PRODUCT_NAME = "$(TARGET_NAME)";
				SWIFT_EMIT_LOC_STRINGS = YES;
				SWIFT_VERSION = 5.0;
				TARGETED_DEVICE_FAMILY = "1,2";
			};
			name = Debug;
		};
		6A61970329CAFA1D008A9405 /* Release */ = {
			isa = XCBuildConfiguration;
			buildSettings = {
				ASSETCATALOG_COMPILER_APPICON_NAME = AppIcon;
				ASSETCATALOG_COMPILER_GLOBAL_ACCENT_COLOR_NAME = AccentColor;
				CODE_SIGN_STYLE = Automatic;
				CURRENT_PROJECT_VERSION = 1;
				DEVELOPMENT_ASSET_PATHS = "\"Voice Note/Preview Content\"";
				ENABLE_PREVIEWS = YES;
				GENERATE_INFOPLIST_FILE = YES;
				INFOPLIST_KEY_NSMicrophoneUsageDescription = "Audio is recorded to transcribe the note speech";
				INFOPLIST_KEY_NSSpeechRecognitionUsageDescription = "The app uses speech recognition to dictate notes";
				INFOPLIST_KEY_UIApplicationSceneManifest_Generation = YES;
				INFOPLIST_KEY_UIApplicationSupportsIndirectInputEvents = YES;
				INFOPLIST_KEY_UILaunchScreen_Generation = YES;
				INFOPLIST_KEY_UISupportedInterfaceOrientations_iPad = "UIInterfaceOrientationPortrait UIInterfaceOrientationPortraitUpsideDown UIInterfaceOrientationLandscapeLeft UIInterfaceOrientationLandscapeRight";
				INFOPLIST_KEY_UISupportedInterfaceOrientations_iPhone = "UIInterfaceOrientationPortrait UIInterfaceOrientationLandscapeLeft UIInterfaceOrientationLandscapeRight";
				LD_RUNPATH_SEARCH_PATHS = (
					"$(inherited)",
					"@executable_path/Frameworks",
				);
				MARKETING_VERSION = 1.0;
				PRODUCT_BUNDLE_IDENTIFIER = "com.metropolia.Voice-Note";
				PRODUCT_NAME = "$(TARGET_NAME)";
				SWIFT_EMIT_LOC_STRINGS = YES;
				SWIFT_VERSION = 5.0;
				TARGETED_DEVICE_FAMILY = "1,2";
			};
			name = Release;
		};
		6A61970529CAFA1D008A9405 /* Debug */ = {
			isa = XCBuildConfiguration;
			buildSettings = {
				ALWAYS_EMBED_SWIFT_STANDARD_LIBRARIES = YES;
				BUNDLE_LOADER = "$(TEST_HOST)";
				CODE_SIGN_STYLE = Automatic;
				CURRENT_PROJECT_VERSION = 1;
				GENERATE_INFOPLIST_FILE = YES;
				IPHONEOS_DEPLOYMENT_TARGET = 16.2;
				MARKETING_VERSION = 1.0;
				PRODUCT_BUNDLE_IDENTIFIER = "com.metropolia.Voice-NoteTests";
				PRODUCT_NAME = "$(TARGET_NAME)";
				SWIFT_EMIT_LOC_STRINGS = NO;
				SWIFT_VERSION = 5.0;
				TARGETED_DEVICE_FAMILY = "1,2";
				TEST_HOST = "$(BUILT_PRODUCTS_DIR)/Voice Note.app/$(BUNDLE_EXECUTABLE_FOLDER_PATH)/Voice Note";
			};
			name = Debug;
		};
		6A61970629CAFA1D008A9405 /* Release */ = {
			isa = XCBuildConfiguration;
			buildSettings = {
				ALWAYS_EMBED_SWIFT_STANDARD_LIBRARIES = YES;
				BUNDLE_LOADER = "$(TEST_HOST)";
				CODE_SIGN_STYLE = Automatic;
				CURRENT_PROJECT_VERSION = 1;
				GENERATE_INFOPLIST_FILE = YES;
				IPHONEOS_DEPLOYMENT_TARGET = 16.2;
				MARKETING_VERSION = 1.0;
				PRODUCT_BUNDLE_IDENTIFIER = "com.metropolia.Voice-NoteTests";
				PRODUCT_NAME = "$(TARGET_NAME)";
				SWIFT_EMIT_LOC_STRINGS = NO;
				SWIFT_VERSION = 5.0;
				TARGETED_DEVICE_FAMILY = "1,2";
				TEST_HOST = "$(BUILT_PRODUCTS_DIR)/Voice Note.app/$(BUNDLE_EXECUTABLE_FOLDER_PATH)/Voice Note";
			};
			name = Release;
		};
		6A61970829CAFA1D008A9405 /* Debug */ = {
			isa = XCBuildConfiguration;
			buildSettings = {
				ALWAYS_EMBED_SWIFT_STANDARD_LIBRARIES = YES;
				CODE_SIGN_STYLE = Automatic;
				CURRENT_PROJECT_VERSION = 1;
				GENERATE_INFOPLIST_FILE = YES;
				MARKETING_VERSION = 1.0;
				PRODUCT_BUNDLE_IDENTIFIER = "com.metropolia.Voice-NoteUITests";
				PRODUCT_NAME = "$(TARGET_NAME)";
				SWIFT_EMIT_LOC_STRINGS = NO;
				SWIFT_VERSION = 5.0;
				TARGETED_DEVICE_FAMILY = "1,2";
				TEST_TARGET_NAME = "Voice Note";
			};
			name = Debug;
		};
		6A61970929CAFA1D008A9405 /* Release */ = {
			isa = XCBuildConfiguration;
			buildSettings = {
				ALWAYS_EMBED_SWIFT_STANDARD_LIBRARIES = YES;
				CODE_SIGN_STYLE = Automatic;
				CURRENT_PROJECT_VERSION = 1;
				GENERATE_INFOPLIST_FILE = YES;
				MARKETING_VERSION = 1.0;
				PRODUCT_BUNDLE_IDENTIFIER = "com.metropolia.Voice-NoteUITests";
				PRODUCT_NAME = "$(TARGET_NAME)";
				SWIFT_EMIT_LOC_STRINGS = NO;
				SWIFT_VERSION = 5.0;
				TARGETED_DEVICE_FAMILY = "1,2";
				TEST_TARGET_NAME = "Voice Note";
			};
			name = Release;
		};
/* End XCBuildConfiguration section */

/* Begin XCConfigurationList section */
		6A6196D829CAFA1B008A9405 /* Build configuration list for PBXProject "Voice Note" */ = {
			isa = XCConfigurationList;
			buildConfigurations = (
				6A6196FF29CAFA1D008A9405 /* Debug */,
				6A61970029CAFA1D008A9405 /* Release */,
			);
			defaultConfigurationIsVisible = 0;
			defaultConfigurationName = Release;
		};
		6A61970129CAFA1D008A9405 /* Build configuration list for PBXNativeTarget "Voice Note" */ = {
			isa = XCConfigurationList;
			buildConfigurations = (
				6A61970229CAFA1D008A9405 /* Debug */,
				6A61970329CAFA1D008A9405 /* Release */,
			);
			defaultConfigurationIsVisible = 0;
			defaultConfigurationName = Release;
		};
		6A61970429CAFA1D008A9405 /* Build configuration list for PBXNativeTarget "Voice NoteTests" */ = {
			isa = XCConfigurationList;
			buildConfigurations = (
				6A61970529CAFA1D008A9405 /* Debug */,
				6A61970629CAFA1D008A9405 /* Release */,
			);
			defaultConfigurationIsVisible = 0;
			defaultConfigurationName = Release;
		};
		6A61970729CAFA1D008A9405 /* Build configuration list for PBXNativeTarget "Voice NoteUITests" */ = {
			isa = XCConfigurationList;
			buildConfigurations = (
				6A61970829CAFA1D008A9405 /* Debug */,
				6A61970929CAFA1D008A9405 /* Release */,
			);
			defaultConfigurationIsVisible = 0;
			defaultConfigurationName = Release;
		};
/* End XCConfigurationList section */
	};
	rootObject = 6A6196D529CAFA1B008A9405 /* Project object */;
}
